// !$*UTF8*$!
{
	archiveVersion = 1;
	classes = {
	};
	objectVersion = 55;
	objects = {

/* Begin PBXBuildFile section */
		2204FA01283FAC0D00A15DB4 /* AppDelegate.swift in Sources */ = {isa = PBXBuildFile; fileRef = 2204FA00283FAC0D00A15DB4 /* AppDelegate.swift */; };
		2204FA03283FAC0D00A15DB4 /* SceneDelegate.swift in Sources */ = {isa = PBXBuildFile; fileRef = 2204FA02283FAC0D00A15DB4 /* SceneDelegate.swift */; };
		2204FA08283FAC0D00A15DB4 /* Main.storyboard in Resources */ = {isa = PBXBuildFile; fileRef = 2204FA06283FAC0D00A15DB4 /* Main.storyboard */; };
		2204FA0B283FAC0D00A15DB4 /* AccountingApp2.xcdatamodeld in Sources */ = {isa = PBXBuildFile; fileRef = 2204FA09283FAC0D00A15DB4 /* AccountingApp2.xcdatamodeld */; };
		2204FA0D283FAC0D00A15DB4 /* Assets.xcassets in Resources */ = {isa = PBXBuildFile; fileRef = 2204FA0C283FAC0D00A15DB4 /* Assets.xcassets */; };
		2204FA10283FAC0D00A15DB4 /* LaunchScreen.storyboard in Resources */ = {isa = PBXBuildFile; fileRef = 2204FA0E283FAC0D00A15DB4 /* LaunchScreen.storyboard */; };
		2204FA1828408C2C00A15DB4 /* MainTableViewController.swift in Sources */ = {isa = PBXBuildFile; fileRef = 2204FA1728408C2C00A15DB4 /* MainTableViewController.swift */; };
		2204FA1E2840A31900A15DB4 /* MainTableViewCell.swift in Sources */ = {isa = PBXBuildFile; fileRef = 2204FA1D2840A31900A15DB4 /* MainTableViewCell.swift */; };
		2204FA242840D9E200A15DB4 /* AddModificationViewController.swift in Sources */ = {isa = PBXBuildFile; fileRef = 2204FA232840D9E200A15DB4 /* AddModificationViewController.swift */; };
		2204FA262841EF3300A15DB4 /* AllItemCategory.swift in Sources */ = {isa = PBXBuildFile; fileRef = 2204FA252841EF3300A15DB4 /* AllItemCategory.swift */; };
		22590AFB284353E700240CB3 /* CategoryCollectionViewController.swift in Sources */ = {isa = PBXBuildFile; fileRef = 22590AFA284353E700240CB3 /* CategoryCollectionViewController.swift */; };
		22590AFD2843541700240CB3 /* CategoryCollectionViewCell.swift in Sources */ = {isa = PBXBuildFile; fileRef = 22590AFC2843541700240CB3 /* CategoryCollectionViewCell.swift */; };
		22590B012844D56A00240CB3 /* ChartsTableViewController.swift in Sources */ = {isa = PBXBuildFile; fileRef = 22590B002844D56A00240CB3 /* ChartsTableViewController.swift */; };
		22590B032847396E00240CB3 /* ChartsTableViewCell.swift in Sources */ = {isa = PBXBuildFile; fileRef = 22590B022847396E00240CB3 /* ChartsTableViewCell.swift */; };
		22590B082848937F00240CB3 /* ChooseDateViewController.swift in Sources */ = {isa = PBXBuildFile; fileRef = 22590B072848937F00240CB3 /* ChooseDateViewController.swift */; };
		22590B0E2848FD7900240CB3 /* Charts in Frameworks */ = {isa = PBXBuildFile; productRef = 22590B0D2848FD7900240CB3 /* Charts */; };
		22590B10284B63F900240CB3 /* DetailTableViewController.swift in Sources */ = {isa = PBXBuildFile; fileRef = 22590B0F284B63F900240CB3 /* DetailTableViewController.swift */; };
		22590B12284B644E00240CB3 /* DetaiTableViewCell.swift in Sources */ = {isa = PBXBuildFile; fileRef = 22590B11284B644E00240CB3 /* DetaiTableViewCell.swift */; };
		22590B14284CC0ED00240CB3 /* ShowDetailViewController.swift in Sources */ = {isa = PBXBuildFile; fileRef = 22590B13284CC0ED00240CB3 /* ShowDetailViewController.swift */; };
		22590B1928506C1100240CB3 /* DetailTableViewCell.swift in Sources */ = {isa = PBXBuildFile; fileRef = 22590B1728506C1100240CB3 /* DetailTableViewCell.swift */; };
		22590B1A28506C1100240CB3 /* DetailTableViewCell.xib in Resources */ = {isa = PBXBuildFile; fileRef = 22590B1828506C1100240CB3 /* DetailTableViewCell.xib */; };
		22590B1C28507A2800240CB3 /* SearchTableViewController.swift in Sources */ = {isa = PBXBuildFile; fileRef = 22590B1B28507A2800240CB3 /* SearchTableViewController.swift */; };
		22590B2B28584A8900240CB3 /* AirTableResponse.swift in Sources */ = {isa = PBXBuildFile; fileRef = 22590B2A28584A8900240CB3 /* AirTableResponse.swift */; };
		22590B2E28584B8E00240CB3 /* Alamofire in Frameworks */ = {isa = PBXBuildFile; productRef = 22590B2D28584B8E00240CB3 /* Alamofire */; };
		22590B3128584BA700240CB3 /* Kingfisher in Frameworks */ = {isa = PBXBuildFile; productRef = 22590B3028584BA700240CB3 /* Kingfisher */; };
		22590B33285B44CF00240CB3 /* PhotoViewController.swift in Sources */ = {isa = PBXBuildFile; fileRef = 22590B32285B44CE00240CB3 /* PhotoViewController.swift */; };
		227E7331285CD63D00A6014B /* Localizable.strings in Resources */ = {isa = PBXBuildFile; fileRef = 227E7333285CD63D00A6014B /* Localizable.strings */; };
/* End PBXBuildFile section */

/* Begin PBXFileReference section */
		2204F9FD283FAC0D00A15DB4 /* AccountingApp2.app */ = {isa = PBXFileReference; explicitFileType = wrapper.application; includeInIndex = 0; path = AccountingApp2.app; sourceTree = BUILT_PRODUCTS_DIR; };
		2204FA00283FAC0D00A15DB4 /* AppDelegate.swift */ = {isa = PBXFileReference; lastKnownFileType = sourcecode.swift; path = AppDelegate.swift; sourceTree = "<group>"; };
		2204FA02283FAC0D00A15DB4 /* SceneDelegate.swift */ = {isa = PBXFileReference; lastKnownFileType = sourcecode.swift; path = SceneDelegate.swift; sourceTree = "<group>"; };
		2204FA07283FAC0D00A15DB4 /* Base */ = {isa = PBXFileReference; lastKnownFileType = file.storyboard; name = Base; path = Base.lproj/Main.storyboard; sourceTree = "<group>"; };
		2204FA0A283FAC0D00A15DB4 /* AccountingApp2.xcdatamodel */ = {isa = PBXFileReference; lastKnownFileType = wrapper.xcdatamodel; path = AccountingApp2.xcdatamodel; sourceTree = "<group>"; };
		2204FA0C283FAC0D00A15DB4 /* Assets.xcassets */ = {isa = PBXFileReference; lastKnownFileType = folder.assetcatalog; path = Assets.xcassets; sourceTree = "<group>"; };
		2204FA0F283FAC0D00A15DB4 /* Base */ = {isa = PBXFileReference; lastKnownFileType = file.storyboard; name = Base; path = Base.lproj/LaunchScreen.storyboard; sourceTree = "<group>"; };
		2204FA11283FAC0D00A15DB4 /* Info.plist */ = {isa = PBXFileReference; lastKnownFileType = text.plist.xml; path = Info.plist; sourceTree = "<group>"; };
		2204FA1728408C2C00A15DB4 /* MainTableViewController.swift */ = {isa = PBXFileReference; lastKnownFileType = sourcecode.swift; path = MainTableViewController.swift; sourceTree = "<group>"; };
		2204FA1D2840A31900A15DB4 /* MainTableViewCell.swift */ = {isa = PBXFileReference; lastKnownFileType = sourcecode.swift; path = MainTableViewCell.swift; sourceTree = "<group>"; };
		2204FA232840D9E200A15DB4 /* AddModificationViewController.swift */ = {isa = PBXFileReference; lastKnownFileType = sourcecode.swift; path = AddModificationViewController.swift; sourceTree = "<group>"; };
		2204FA252841EF3300A15DB4 /* AllItemCategory.swift */ = {isa = PBXFileReference; lastKnownFileType = sourcecode.swift; path = AllItemCategory.swift; sourceTree = "<group>"; };
		22590AFA284353E700240CB3 /* CategoryCollectionViewController.swift */ = {isa = PBXFileReference; lastKnownFileType = sourcecode.swift; path = CategoryCollectionViewController.swift; sourceTree = "<group>"; };
		22590AFC2843541700240CB3 /* CategoryCollectionViewCell.swift */ = {isa = PBXFileReference; lastKnownFileType = sourcecode.swift; path = CategoryCollectionViewCell.swift; sourceTree = "<group>"; };
		22590B002844D56A00240CB3 /* ChartsTableViewController.swift */ = {isa = PBXFileReference; lastKnownFileType = sourcecode.swift; path = ChartsTableViewController.swift; sourceTree = "<group>"; };
		22590B022847396E00240CB3 /* ChartsTableViewCell.swift */ = {isa = PBXFileReference; lastKnownFileType = sourcecode.swift; path = ChartsTableViewCell.swift; sourceTree = "<group>"; };
		22590B072848937F00240CB3 /* ChooseDateViewController.swift */ = {isa = PBXFileReference; lastKnownFileType = sourcecode.swift; path = ChooseDateViewController.swift; sourceTree = "<group>"; };
		22590B0F284B63F900240CB3 /* DetailTableViewController.swift */ = {isa = PBXFileReference; lastKnownFileType = sourcecode.swift; path = DetailTableViewController.swift; sourceTree = "<group>"; };
		22590B11284B644E00240CB3 /* DetaiTableViewCell.swift */ = {isa = PBXFileReference; lastKnownFileType = sourcecode.swift; path = DetaiTableViewCell.swift; sourceTree = "<group>"; };
		22590B13284CC0ED00240CB3 /* ShowDetailViewController.swift */ = {isa = PBXFileReference; lastKnownFileType = sourcecode.swift; path = ShowDetailViewController.swift; sourceTree = "<group>"; };
		22590B1728506C1100240CB3 /* DetailTableViewCell.swift */ = {isa = PBXFileReference; lastKnownFileType = sourcecode.swift; path = DetailTableViewCell.swift; sourceTree = "<group>"; };
		22590B1828506C1100240CB3 /* DetailTableViewCell.xib */ = {isa = PBXFileReference; lastKnownFileType = file.xib; path = DetailTableViewCell.xib; sourceTree = "<group>"; };
		22590B1B28507A2800240CB3 /* SearchTableViewController.swift */ = {isa = PBXFileReference; lastKnownFileType = sourcecode.swift; path = SearchTableViewController.swift; sourceTree = "<group>"; };
		22590B2A28584A8900240CB3 /* AirTableResponse.swift */ = {isa = PBXFileReference; lastKnownFileType = sourcecode.swift; path = AirTableResponse.swift; sourceTree = "<group>"; };
		22590B32285B44CE00240CB3 /* PhotoViewController.swift */ = {isa = PBXFileReference; lastKnownFileType = sourcecode.swift; path = PhotoViewController.swift; sourceTree = "<group>"; };
		227E7325285C972B00A6014B /* zh-Hant */ = {isa = PBXFileReference; lastKnownFileType = text.plist.strings; name = "zh-Hant"; path = "zh-Hant.lproj/LaunchScreen.strings"; sourceTree = "<group>"; };
		227E7332285CD63D00A6014B /* en */ = {isa = PBXFileReference; lastKnownFileType = text.plist.strings; name = en; path = en.lproj/Localizable.strings; sourceTree = "<group>"; };
		227E7334285CD6CE00A6014B /* zh-Hant */ = {isa = PBXFileReference; lastKnownFileType = text.plist.strings; name = "zh-Hant"; path = "zh-Hant.lproj/Localizable.strings"; sourceTree = "<group>"; };
		227E7335285D8FE700A6014B /* en */ = {isa = PBXFileReference; lastKnownFileType = text.plist.strings; name = en; path = en.lproj/Main.strings; sourceTree = "<group>"; };
		227E7336285D901800A6014B /* zh-Hant */ = {isa = PBXFileReference; lastKnownFileType = text.plist.strings; name = "zh-Hant"; path = "zh-Hant.lproj/Main.strings"; sourceTree = "<group>"; };
/* End PBXFileReference section */

/* Begin PBXFrameworksBuildPhase section */
		2204F9FA283FAC0D00A15DB4 /* Frameworks */ = {
			isa = PBXFrameworksBuildPhase;
			buildActionMask = 2147483647;
			files = (
				22590B3128584BA700240CB3 /* Kingfisher in Frameworks */,
				22590B0E2848FD7900240CB3 /* Charts in Frameworks */,
				22590B2E28584B8E00240CB3 /* Alamofire in Frameworks */,
			);
			runOnlyForDeploymentPostprocessing = 0;
		};
/* End PBXFrameworksBuildPhase section */

/* Begin PBXGroup section */
		2204F9F4283FAC0D00A15DB4 = {
			isa = PBXGroup;
			children = (
				2204F9FF283FAC0D00A15DB4 /* AccountingApp2 */,
				2204F9FE283FAC0D00A15DB4 /* Products */,
			);
			sourceTree = "<group>";
		};
		2204F9FE283FAC0D00A15DB4 /* Products */ = {
			isa = PBXGroup;
			children = (
				2204F9FD283FAC0D00A15DB4 /* AccountingApp2.app */,
			);
			name = Products;
			sourceTree = "<group>";
		};
		2204F9FF283FAC0D00A15DB4 /* AccountingApp2 */ = {
			isa = PBXGroup;
			children = (
				2204FA00283FAC0D00A15DB4 /* AppDelegate.swift */,
				2204FA02283FAC0D00A15DB4 /* SceneDelegate.swift */,
				22590B1F2853745E00240CB3 /* Models */,
				22590B202853748F00240CB3 /* Views */,
				22590B21285374DE00240CB3 /* View Controllers */,
				2204FA06283FAC0D00A15DB4 /* Main.storyboard */,
				227E7333285CD63D00A6014B /* Localizable.strings */,
				22590B1828506C1100240CB3 /* DetailTableViewCell.xib */,
				2204FA0C283FAC0D00A15DB4 /* Assets.xcassets */,
				2204FA0E283FAC0D00A15DB4 /* LaunchScreen.storyboard */,
				2204FA11283FAC0D00A15DB4 /* Info.plist */,
				2204FA09283FAC0D00A15DB4 /* AccountingApp2.xcdatamodeld */,
			);
			path = AccountingApp2;
			sourceTree = "<group>";
		};
		22590B1F2853745E00240CB3 /* Models */ = {
			isa = PBXGroup;
			children = (
				2204FA252841EF3300A15DB4 /* AllItemCategory.swift */,
				22590B2A28584A8900240CB3 /* AirTableResponse.swift */,
			);
			path = Models;
			sourceTree = "<group>";
		};
		22590B202853748F00240CB3 /* Views */ = {
			isa = PBXGroup;
			children = (
				2204FA1D2840A31900A15DB4 /* MainTableViewCell.swift */,
				22590AFC2843541700240CB3 /* CategoryCollectionViewCell.swift */,
				22590B022847396E00240CB3 /* ChartsTableViewCell.swift */,
				22590B1728506C1100240CB3 /* DetailTableViewCell.swift */,
				22590B11284B644E00240CB3 /* DetaiTableViewCell.swift */,
			);
			path = Views;
			sourceTree = "<group>";
		};
		22590B21285374DE00240CB3 /* View Controllers */ = {
			isa = PBXGroup;
			children = (
				2204FA1728408C2C00A15DB4 /* MainTableViewController.swift */,
				2204FA232840D9E200A15DB4 /* AddModificationViewController.swift */,
				22590AFA284353E700240CB3 /* CategoryCollectionViewController.swift */,
				22590B002844D56A00240CB3 /* ChartsTableViewController.swift */,
				22590B072848937F00240CB3 /* ChooseDateViewController.swift */,
				22590B0F284B63F900240CB3 /* DetailTableViewController.swift */,
				22590B13284CC0ED00240CB3 /* ShowDetailViewController.swift */,
				22590B1B28507A2800240CB3 /* SearchTableViewController.swift */,
				22590B32285B44CE00240CB3 /* PhotoViewController.swift */,
			);
			path = "View Controllers";
			sourceTree = "<group>";
		};
/* End PBXGroup section */

/* Begin PBXNativeTarget section */
		2204F9FC283FAC0D00A15DB4 /* AccountingApp2 */ = {
			isa = PBXNativeTarget;
			buildConfigurationList = 2204FA14283FAC0D00A15DB4 /* Build configuration list for PBXNativeTarget "AccountingApp2" */;
			buildPhases = (
				2204F9F9283FAC0D00A15DB4 /* Sources */,
				2204F9FA283FAC0D00A15DB4 /* Frameworks */,
				2204F9FB283FAC0D00A15DB4 /* Resources */,
			);
			buildRules = (
			);
			dependencies = (
			);
			name = AccountingApp2;
			packageProductDependencies = (
				22590B0D2848FD7900240CB3 /* Charts */,
				22590B2D28584B8E00240CB3 /* Alamofire */,
				22590B3028584BA700240CB3 /* Kingfisher */,
			);
			productName = AccountingApp2;
			productReference = 2204F9FD283FAC0D00A15DB4 /* AccountingApp2.app */;
			productType = "com.apple.product-type.application";
		};
/* End PBXNativeTarget section */

/* Begin PBXProject section */
		2204F9F5283FAC0D00A15DB4 /* Project object */ = {
			isa = PBXProject;
			attributes = {
				BuildIndependentTargetsInParallel = 1;
				LastSwiftUpdateCheck = 1340;
				LastUpgradeCheck = 1340;
				TargetAttributes = {
					2204F9FC283FAC0D00A15DB4 = {
						CreatedOnToolsVersion = 13.4;
					};
				};
			};
			buildConfigurationList = 2204F9F8283FAC0D00A15DB4 /* Build configuration list for PBXProject "AccountingApp2" */;
			compatibilityVersion = "Xcode 13.0";
			developmentRegion = en;
			hasScannedForEncodings = 0;
			knownRegions = (
				en,
				Base,
				"zh-Hant",
			);
			mainGroup = 2204F9F4283FAC0D00A15DB4;
			packageReferences = (
				22590B0C2848FD7900240CB3 /* XCRemoteSwiftPackageReference "Charts" */,
				22590B2C28584B8E00240CB3 /* XCRemoteSwiftPackageReference "Alamofire" */,
				22590B2F28584BA700240CB3 /* XCRemoteSwiftPackageReference "Kingfisher" */,
			);
			productRefGroup = 2204F9FE283FAC0D00A15DB4 /* Products */;
			projectDirPath = "";
			projectRoot = "";
			targets = (
				2204F9FC283FAC0D00A15DB4 /* AccountingApp2 */,
			);
		};
/* End PBXProject section */

/* Begin PBXResourcesBuildPhase section */
		2204F9FB283FAC0D00A15DB4 /* Resources */ = {
			isa = PBXResourcesBuildPhase;
			buildActionMask = 2147483647;
			files = (
				227E7331285CD63D00A6014B /* Localizable.strings in Resources */,
				2204FA10283FAC0D00A15DB4 /* LaunchScreen.storyboard in Resources */,
				2204FA0D283FAC0D00A15DB4 /* Assets.xcassets in Resources */,
				22590B1A28506C1100240CB3 /* DetailTableViewCell.xib in Resources */,
				2204FA08283FAC0D00A15DB4 /* Main.storyboard in Resources */,
			);
			runOnlyForDeploymentPostprocessing = 0;
		};
/* End PBXResourcesBuildPhase section */

/* Begin PBXSourcesBuildPhase section */
		2204F9F9283FAC0D00A15DB4 /* Sources */ = {
			isa = PBXSourcesBuildPhase;
			buildActionMask = 2147483647;
			files = (
				22590B10284B63F900240CB3 /* DetailTableViewController.swift in Sources */,
				22590B1C28507A2800240CB3 /* SearchTableViewController.swift in Sources */,
				22590B1928506C1100240CB3 /* DetailTableViewCell.swift in Sources */,
				22590B032847396E00240CB3 /* ChartsTableViewCell.swift in Sources */,
				2204FA1828408C2C00A15DB4 /* MainTableViewController.swift in Sources */,
				2204FA0B283FAC0D00A15DB4 /* AccountingApp2.xcdatamodeld in Sources */,
				22590B12284B644E00240CB3 /* DetaiTableViewCell.swift in Sources */,
				22590B082848937F00240CB3 /* ChooseDateViewController.swift in Sources */,
				22590B33285B44CF00240CB3 /* PhotoViewController.swift in Sources */,
				2204FA01283FAC0D00A15DB4 /* AppDelegate.swift in Sources */,
				2204FA1E2840A31900A15DB4 /* MainTableViewCell.swift in Sources */,
				22590B2B28584A8900240CB3 /* AirTableResponse.swift in Sources */,
				2204FA03283FAC0D00A15DB4 /* SceneDelegate.swift in Sources */,
				22590AFD2843541700240CB3 /* CategoryCollectionViewCell.swift in Sources */,
				2204FA262841EF3300A15DB4 /* AllItemCategory.swift in Sources */,
				22590B14284CC0ED00240CB3 /* ShowDetailViewController.swift in Sources */,
				2204FA242840D9E200A15DB4 /* AddModificationViewController.swift in Sources */,
				22590AFB284353E700240CB3 /* CategoryCollectionViewController.swift in Sources */,
				22590B012844D56A00240CB3 /* ChartsTableViewController.swift in Sources */,
			);
			runOnlyForDeploymentPostprocessing = 0;
		};
/* End PBXSourcesBuildPhase section */

/* Begin PBXVariantGroup section */
		2204FA06283FAC0D00A15DB4 /* Main.storyboard */ = {
			isa = PBXVariantGroup;
			children = (
				2204FA07283FAC0D00A15DB4 /* Base */,
				227E7335285D8FE700A6014B /* en */,
				227E7336285D901800A6014B /* zh-Hant */,
			);
			name = Main.storyboard;
			sourceTree = "<group>";
		};
		2204FA0E283FAC0D00A15DB4 /* LaunchScreen.storyboard */ = {
			isa = PBXVariantGroup;
			children = (
				2204FA0F283FAC0D00A15DB4 /* Base */,
				227E7325285C972B00A6014B /* zh-Hant */,
			);
			name = LaunchScreen.storyboard;
			sourceTree = "<group>";
		};
		227E7333285CD63D00A6014B /* Localizable.strings */ = {
			isa = PBXVariantGroup;
			children = (
				227E7332285CD63D00A6014B /* en */,
				227E7334285CD6CE00A6014B /* zh-Hant */,
			);
			name = Localizable.strings;
			sourceTree = "<group>";
		};
/* End PBXVariantGroup section */

/* Begin XCBuildConfiguration section */
		2204FA12283FAC0D00A15DB4 /* Debug */ = {
			isa = XCBuildConfiguration;
			buildSettings = {
				ALWAYS_SEARCH_USER_PATHS = NO;
				CLANG_ANALYZER_LOCALIZABILITY_NONLOCALIZED = YES;
				CLANG_ANALYZER_NONNULL = YES;
				CLANG_ANALYZER_NUMBER_OBJECT_CONVERSION = YES_AGGRESSIVE;
				CLANG_CXX_LANGUAGE_STANDARD = "gnu++17";
				CLANG_ENABLE_MODULES = YES;
				CLANG_ENABLE_OBJC_ARC = YES;
				CLANG_ENABLE_OBJC_WEAK = YES;
				CLANG_WARN_BLOCK_CAPTURE_AUTORELEASING = YES;
				CLANG_WARN_BOOL_CONVERSION = YES;
				CLANG_WARN_COMMA = YES;
				CLANG_WARN_CONSTANT_CONVERSION = YES;
				CLANG_WARN_DEPRECATED_OBJC_IMPLEMENTATIONS = YES;
				CLANG_WARN_DIRECT_OBJC_ISA_USAGE = YES_ERROR;
				CLANG_WARN_DOCUMENTATION_COMMENTS = YES;
				CLANG_WARN_EMPTY_BODY = YES;
				CLANG_WARN_ENUM_CONVERSION = YES;
				CLANG_WARN_INFINITE_RECURSION = YES;
				CLANG_WARN_INT_CONVERSION = YES;
				CLANG_WARN_NON_LITERAL_NULL_CONVERSION = YES;
				CLANG_WARN_OBJC_IMPLICIT_RETAIN_SELF = YES;
				CLANG_WARN_OBJC_LITERAL_CONVERSION = YES;
				CLANG_WARN_OBJC_ROOT_CLASS = YES_ERROR;
				CLANG_WARN_QUOTED_INCLUDE_IN_FRAMEWORK_HEADER = YES;
				CLANG_WARN_RANGE_LOOP_ANALYSIS = YES;
				CLANG_WARN_STRICT_PROTOTYPES = YES;
				CLANG_WARN_SUSPICIOUS_MOVE = YES;
				CLANG_WARN_UNGUARDED_AVAILABILITY = YES_AGGRESSIVE;
				CLANG_WARN_UNREACHABLE_CODE = YES;
				CLANG_WARN__DUPLICATE_METHOD_MATCH = YES;
				COPY_PHASE_STRIP = NO;
				DEBUG_INFORMATION_FORMAT = dwarf;
				ENABLE_STRICT_OBJC_MSGSEND = YES;
				ENABLE_TESTABILITY = YES;
				GCC_C_LANGUAGE_STANDARD = gnu11;
				GCC_DYNAMIC_NO_PIC = NO;
				GCC_NO_COMMON_BLOCKS = YES;
				GCC_OPTIMIZATION_LEVEL = 0;
				GCC_PREPROCESSOR_DEFINITIONS = (
					"DEBUG=1",
					"$(inherited)",
				);
				GCC_WARN_64_TO_32_BIT_CONVERSION = YES;
				GCC_WARN_ABOUT_RETURN_TYPE = YES_ERROR;
				GCC_WARN_UNDECLARED_SELECTOR = YES;
				GCC_WARN_UNINITIALIZED_AUTOS = YES_AGGRESSIVE;
				GCC_WARN_UNUSED_FUNCTION = YES;
				GCC_WARN_UNUSED_VARIABLE = YES;
				IPHONEOS_DEPLOYMENT_TARGET = 15.2;
				MTL_ENABLE_DEBUG_INFO = INCLUDE_SOURCE;
				MTL_FAST_MATH = YES;
				ONLY_ACTIVE_ARCH = YES;
				SDKROOT = iphoneos;
				SWIFT_ACTIVE_COMPILATION_CONDITIONS = DEBUG;
				SWIFT_OPTIMIZATION_LEVEL = "-Onone";
			};
			name = Debug;
		};
		2204FA13283FAC0D00A15DB4 /* Release */ = {
			isa = XCBuildConfiguration;
			buildSettings = {
				ALWAYS_SEARCH_USER_PATHS = NO;
				CLANG_ANALYZER_LOCALIZABILITY_NONLOCALIZED = YES;
				CLANG_ANALYZER_NONNULL = YES;
				CLANG_ANALYZER_NUMBER_OBJECT_CONVERSION = YES_AGGRESSIVE;
				CLANG_CXX_LANGUAGE_STANDARD = "gnu++17";
				CLANG_ENABLE_MODULES = YES;
				CLANG_ENABLE_OBJC_ARC = YES;
				CLANG_ENABLE_OBJC_WEAK = YES;
				CLANG_WARN_BLOCK_CAPTURE_AUTORELEASING = YES;
				CLANG_WARN_BOOL_CONVERSION = YES;
				CLANG_WARN_COMMA = YES;
				CLANG_WARN_CONSTANT_CONVERSION = YES;
				CLANG_WARN_DEPRECATED_OBJC_IMPLEMENTATIONS = YES;
				CLANG_WARN_DIRECT_OBJC_ISA_USAGE = YES_ERROR;
				CLANG_WARN_DOCUMENTATION_COMMENTS = YES;
				CLANG_WARN_EMPTY_BODY = YES;
				CLANG_WARN_ENUM_CONVERSION = YES;
				CLANG_WARN_INFINITE_RECURSION = YES;
				CLANG_WARN_INT_CONVERSION = YES;
				CLANG_WARN_NON_LITERAL_NULL_CONVERSION = YES;
				CLANG_WARN_OBJC_IMPLICIT_RETAIN_SELF = YES;
				CLANG_WARN_OBJC_LITERAL_CONVERSION = YES;
				CLANG_WARN_OBJC_ROOT_CLASS = YES_ERROR;
				CLANG_WARN_QUOTED_INCLUDE_IN_FRAMEWORK_HEADER = YES;
				CLANG_WARN_RANGE_LOOP_ANALYSIS = YES;
				CLANG_WARN_STRICT_PROTOTYPES = YES;
				CLANG_WARN_SUSPICIOUS_MOVE = YES;
				CLANG_WARN_UNGUARDED_AVAILABILITY = YES_AGGRESSIVE;
				CLANG_WARN_UNREACHABLE_CODE = YES;
				CLANG_WARN__DUPLICATE_METHOD_MATCH = YES;
				COPY_PHASE_STRIP = NO;
				DEBUG_INFORMATION_FORMAT = "dwarf-with-dsym";
				ENABLE_NS_ASSERTIONS = NO;
				ENABLE_STRICT_OBJC_MSGSEND = YES;
				GCC_C_LANGUAGE_STANDARD = gnu11;
				GCC_NO_COMMON_BLOCKS = YES;
				GCC_WARN_64_TO_32_BIT_CONVERSION = YES;
				GCC_WARN_ABOUT_RETURN_TYPE = YES_ERROR;
				GCC_WARN_UNDECLARED_SELECTOR = YES;
				GCC_WARN_UNINITIALIZED_AUTOS = YES_AGGRESSIVE;
				GCC_WARN_UNUSED_FUNCTION = YES;
				GCC_WARN_UNUSED_VARIABLE = YES;
				IPHONEOS_DEPLOYMENT_TARGET = 15.2;
				MTL_ENABLE_DEBUG_INFO = NO;
				MTL_FAST_MATH = YES;
				SDKROOT = iphoneos;
				SWIFT_COMPILATION_MODE = wholemodule;
				SWIFT_OPTIMIZATION_LEVEL = "-O";
				VALIDATE_PRODUCT = YES;
			};
			name = Release;
		};
		2204FA15283FAC0D00A15DB4 /* Debug */ = {
			isa = XCBuildConfiguration;
			buildSettings = {
				ASSETCATALOG_COMPILER_APPICON_NAME = AppIcon;
				ASSETCATALOG_COMPILER_GLOBAL_ACCENT_COLOR_NAME = AccentColor;
				CODE_SIGN_STYLE = Automatic;
				CURRENT_PROJECT_VERSION = 1;
				DEVELOPMENT_TEAM = B6P696Q79U;
				GENERATE_INFOPLIST_FILE = YES;
				INFOPLIST_FILE = AccountingApp2/Info.plist;
				INFOPLIST_KEY_NSCameraUsageDescription = "讓您可拍攝照片方便記錄帳務資料";
				INFOPLIST_KEY_NSPhotoLibraryUsageDescription = "讓你可選擇相簿照片方便記錄帳務資訊";
				INFOPLIST_KEY_UIApplicationSupportsIndirectInputEvents = YES;
				INFOPLIST_KEY_UILaunchStoryboardName = LaunchScreen;
				INFOPLIST_KEY_UIMainStoryboardFile = Main;
				INFOPLIST_KEY_UISupportedInterfaceOrientations_iPad = "UIInterfaceOrientationPortrait UIInterfaceOrientationPortraitUpsideDown";
				INFOPLIST_KEY_UISupportedInterfaceOrientations_iPhone = UIInterfaceOrientationPortrait;
				IPHONEOS_DEPLOYMENT_TARGET = 15.0;
				LD_RUNPATH_SEARCH_PATHS = (
					"$(inherited)",
					"@executable_path/Frameworks",
				);
				MARKETING_VERSION = 1.0.3;
				PRODUCT_BUNDLE_IDENTIFIER = com.casper.AccountingApp2;
				PRODUCT_NAME = "$(TARGET_NAME)";
				SWIFT_EMIT_LOC_STRINGS = YES;
				SWIFT_VERSION = 5.0;
				TARGETED_DEVICE_FAMILY = 1;
			};
			name = Debug;
		};
		2204FA16283FAC0D00A15DB4 /* Release */ = {
			isa = XCBuildConfiguration;
			buildSettings = {
				ASSETCATALOG_COMPILER_APPICON_NAME = AppIcon;
				ASSETCATALOG_COMPILER_GLOBAL_ACCENT_COLOR_NAME = AccentColor;
				CODE_SIGN_STYLE = Automatic;
				CURRENT_PROJECT_VERSION = 1;
				DEVELOPMENT_TEAM = B6P696Q79U;
				GENERATE_INFOPLIST_FILE = YES;
				INFOPLIST_FILE = AccountingApp2/Info.plist;
				INFOPLIST_KEY_NSCameraUsageDescription = "讓您可拍攝照片方便記錄帳務資料";
				INFOPLIST_KEY_NSPhotoLibraryUsageDescription = "讓你可選擇相簿照片方便記錄帳務資訊";
				INFOPLIST_KEY_UIApplicationSupportsIndirectInputEvents = YES;
				INFOPLIST_KEY_UILaunchStoryboardName = LaunchScreen;
				INFOPLIST_KEY_UIMainStoryboardFile = Main;
				INFOPLIST_KEY_UISupportedInterfaceOrientations_iPad = "UIInterfaceOrientationPortrait UIInterfaceOrientationPortraitUpsideDown";
				INFOPLIST_KEY_UISupportedInterfaceOrientations_iPhone = UIInterfaceOrientationPortrait;
				IPHONEOS_DEPLOYMENT_TARGET = 15.0;
				LD_RUNPATH_SEARCH_PATHS = (
					"$(inherited)",
					"@executable_path/Frameworks",
				);
				MARKETING_VERSION = 1.0.3;
				PRODUCT_BUNDLE_IDENTIFIER = com.casper.AccountingApp2;
				PRODUCT_NAME = "$(TARGET_NAME)";
				SWIFT_EMIT_LOC_STRINGS = YES;
				SWIFT_VERSION = 5.0;
				TARGETED_DEVICE_FAMILY = 1;
			};
			name = Release;
		};
/* End XCBuildConfiguration section */

/* Begin XCConfigurationList section */
		2204F9F8283FAC0D00A15DB4 /* Build configuration list for PBXProject "AccountingApp2" */ = {
			isa = XCConfigurationList;
			buildConfigurations = (
				2204FA12283FAC0D00A15DB4 /* Debug */,
				2204FA13283FAC0D00A15DB4 /* Release */,
			);
			defaultConfigurationIsVisible = 0;
			defaultConfigurationName = Release;
		};
		2204FA14283FAC0D00A15DB4 /* Build configuration list for PBXNativeTarget "AccountingApp2" */ = {
			isa = XCConfigurationList;
			buildConfigurations = (
				2204FA15283FAC0D00A15DB4 /* Debug */,
				2204FA16283FAC0D00A15DB4 /* Release */,
			);
			defaultConfigurationIsVisible = 0;
			defaultConfigurationName = Release;
		};
/* End XCConfigurationList section */

/* Begin XCRemoteSwiftPackageReference section */
		22590B0C2848FD7900240CB3 /* XCRemoteSwiftPackageReference "Charts" */ = {
			isa = XCRemoteSwiftPackageReference;
			repositoryURL = "https://github.com/danielgindi/Charts";
			requirement = {
				kind = upToNextMajorVersion;
				minimumVersion = 3.0.0;
			};
		};
		22590B2C28584B8E00240CB3 /* XCRemoteSwiftPackageReference "Alamofire" */ = {
			isa = XCRemoteSwiftPackageReference;
			repositoryURL = "https://github.com/Alamofire/Alamofire";
			requirement = {
				kind = upToNextMajorVersion;
				minimumVersion = 5.0.0;
			};
		};
		22590B2F28584BA700240CB3 /* XCRemoteSwiftPackageReference "Kingfisher" */ = {
			isa = XCRemoteSwiftPackageReference;
			repositoryURL = "https://github.com/onevcat/Kingfisher";
			requirement = {
				kind = upToNextMajorVersion;
				minimumVersion = 7.0.0;
			};
		};
/* End XCRemoteSwiftPackageReference section */

/* Begin XCSwiftPackageProductDependency section */
		22590B0D2848FD7900240CB3 /* Charts */ = {
			isa = XCSwiftPackageProductDependency;
			package = 22590B0C2848FD7900240CB3 /* XCRemoteSwiftPackageReference "Charts" */;
			productName = Charts;
		};
		22590B2D28584B8E00240CB3 /* Alamofire */ = {
			isa = XCSwiftPackageProductDependency;
			package = 22590B2C28584B8E00240CB3 /* XCRemoteSwiftPackageReference "Alamofire" */;
			productName = Alamofire;
		};
		22590B3028584BA700240CB3 /* Kingfisher */ = {
			isa = XCSwiftPackageProductDependency;
			package = 22590B2F28584BA700240CB3 /* XCRemoteSwiftPackageReference "Kingfisher" */;
			productName = Kingfisher;
		};
/* End XCSwiftPackageProductDependency section */

/* Begin XCVersionGroup section */
		2204FA09283FAC0D00A15DB4 /* AccountingApp2.xcdatamodeld */ = {
			isa = XCVersionGroup;
			children = (
				2204FA0A283FAC0D00A15DB4 /* AccountingApp2.xcdatamodel */,
			);
			currentVersion = 2204FA0A283FAC0D00A15DB4 /* AccountingApp2.xcdatamodel */;
			path = AccountingApp2.xcdatamodeld;
			sourceTree = "<group>";
			versionGroupType = wrapper.xcdatamodel;
		};
/* End XCVersionGroup section */
	};
	rootObject = 2204F9F5283FAC0D00A15DB4 /* Project object */;
}
